{
  "name": "ioredis-cluster-port",
  "version": "1.0.0",
  "lockfileVersion": 2,
  "requires": true,
  "packages": {
    "": {
      "name": "ioredis-cluster-port",
      "version": "1.0.0",
      "license": "ISC",
      "dependencies": {
        "node-crc": "^2.0.13"
      }
    },
    "node_modules/@types/node": {
      "version": "17.0.45",
      "resolved": "https://registry.npmjs.org/@types/node/-/node-17.0.45.tgz",
      "integrity": "sha512-w+tIMs3rq2afQdsPJlODhoUEKzFP1ayaoyl1CcnwtIlsVe7K7bA1NGm4s3PraqTLlXnbIN84zuBlxBWo1u9BLw=="
    },
    "node_modules/cargo-cp-artifact": {
      "version": "0.1.6",
      "resolved": "https://registry.npmjs.org/cargo-cp-artifact/-/cargo-cp-artifact-0.1.6.tgz",
      "integrity": "sha512-CQw0doK/aaF7j041666XzuilHxqMxaKkn+I5vmBsd8SAwS0cO5CqVEVp0xJwOKstyqWZ6WK4Ww3O6p26x/Goyg==",
      "bin": {
        "cargo-cp-artifact": "bin/cargo-cp-artifact.js"
      }
    },
    "node_modules/node-crc": {
      "version": "2.0.13",
      "resolved": "https://registry.npmjs.org/node-crc/-/node-crc-2.0.13.tgz",
      "integrity": "sha512-t8OOcLOnKeEiDkXQyQbO6Z+h9RvvSw85AUSOBjATfXqKygWKj5XkDqGiy7CsftxBV9GSnB6zMQdKliJERgqtoA==",
      "hasInstallScript": true,
      "dependencies": {
        "@types/node": "^17.0.32",
        "cargo-cp-artifact": "^0.1.6"
      },
      "engines": {
        "node": ">=12"
      }
    }
  },
  "dependencies": {
    "@types/node": {
      "version": "17.0.45",
      "resolved": "https://registry.npmjs.org/@types/node/-/node-17.0.45.tgz",
      "integrity": "sha512-w+tIMs3rq2afQdsPJlODhoUEKzFP1ayaoyl1CcnwtIlsVe7K7bA1NGm4s3PraqTLlXnbIN84zuBlxBWo1u9BLw=="
    },
    "cargo-cp-artifact": {
      "version": "0.1.6",
      "resolved": "https://registry.npmjs.org/cargo-cp-artifact/-/cargo-cp-artifact-0.1.6.tgz",
      "integrity": "sha512-CQw0doK/aaF7j041666XzuilHxqMxaKkn+I5vmBsd8SAwS0cO5CqVEVp0xJwOKstyqWZ6WK4Ww3O6p26x/Goyg=="
    },
    "node-crc": {
      "version": "2.0.13",
      "resolved": "https://registry.npmjs.org/node-crc/-/node-crc-2.0.13.tgz",
      "integrity": "sha512-t8OOcLOnKeEiDkXQyQbO6Z+h9RvvSw85AUSOBjATfXqKygWKj5XkDqGiy7CsftxBV9GSnB6zMQdKliJERgqtoA==",
      "requires": {
        "@types/node": "^17.0.32",
        "cargo-cp-artifact": "^0.1.6"
      }
    }
  }
}
